# THIS IS AN AUTOGENERATED FILE. DO NOT EDIT THIS FILE DIRECTLY.
# yarn lockfile v1


"@types/bootstrap@^3.3.36":
  version "3.3.39"
  resolved "https://registry.yarnpkg.com/@types/bootstrap/-/bootstrap-3.3.39.tgz#aa0d208999e4a4f941de9468ff928c05507830f8"
  dependencies:
    "@types/jquery" "*"

"@types/jquery@*":
  version "3.3.5"
  resolved "https://registry.yarnpkg.com/@types/jquery/-/jquery-3.3.5.tgz#75cfec8c5ee38355d14296ada7e7e2fb8bd3ac2f"

"@types/jquery@3.2.17":
  version "3.2.17"
  resolved "https://registry.yarnpkg.com/@types/jquery/-/jquery-3.2.17.tgz#01df9805dd5cf83a14cf5bfd81adced7d4fbd970"

"@types/kendo-ui@^2017.3.3":
  version "2017.3.4"
  resolved "https://registry.yarnpkg.com/@types/kendo-ui/-/kendo-ui-2017.3.4.tgz#8f113827c3327bb4b90be023d4c5e3c0c771a398"
  dependencies:
    "@types/jquery" "*"

"@types/node@^9.3.0":
  version "9.6.27"
  resolved "https://registry.yarnpkg.com/@types/node/-/node-9.6.27.tgz#aaf535fee3572029c3d525d511c091ee65380337"

font-awesome@^4.6.1:
  version "4.7.0"
  resolved "https://registry.yarnpkg.com/font-awesome/-/font-awesome-4.7.0.tgz#8fa8cf0411a1a31afd07b06d2902bb9fc815a133"
